
Microsoft Visual Studio Solution File, Format Version 12.00
# Visual Studio Version 16
VisualStudioVersion = 16.0.30413.136
MinimumVisualStudioVersion = 10.0.40219.1
Project("{FAE04EC0-301F-11D3-BF4B-00C04F79EFBC}") = "Internet Speed Test", "Internet Speed Test\Internet Speed Test.csproj", "{01FD4064-3E38-42CB-A79D-383A4F98A108}"
EndProject
Global
	GlobalSection(SolutionConfigurationPlatforms) = preSolution
		Debug|Any CPU = Debug|Any CPU
		Release|Any CPU = Release|Any CPU
	EndGlobalSection
	GlobalSection(ProjectConfigurationPlatforms) = postSolution
		{01FD4064-3E38-42CB-A79D-383A4F98A108}.Debug|Any CPU.ActiveCfg = Debug|Any CPU
		{01FD4064-3E38-42CB-A79D-383A4F98A108}.Debug|Any CPU.Build.0 = Debug|Any CPU
		{01FD4064-3E38-42CB-A79D-383A4F98A108}.Release|Any CPU.ActiveCfg = Release|Any CPU
		{01FD4064-3E38-42CB-A79D-383A4F98A108}.Release|Any CPU.Build.0 = Release|Any CPU
	EndGlobalSection
	GlobalSection(SolutionProperties) = preSolution
		HideSolutionNode = FALSE
	EndGlobalSection
	GlobalSection(ExtensibilityGlobals) = postSolution
		SolutionGuid = {846E088D-2598-4610-8878-4A9050847DDA}
	EndGlobalSection
EndGlobal
